
Microsoft Visual Studio Solution File, Format Version 10.00
# Visual Studio 2008
Project("{8BC9CEB8-8B4A-11D0-8D11-00A0C91BC942}") = "Logik_Simulator", "Logik_Simulator\Logik_Simulator.vcproj", "{BF9BF427-C009-4ADD-882E-74408CEE8F9B}"
EndProject
Global
	GlobalSection(SolutionConfigurationPlatforms) = preSolution
		Debug|Win32 = Debug|Win32
		Release|Win32 = Release|Win32
	EndGlobalSection
	GlobalSection(ProjectConfigurationPlatforms) = postSolution
		{BF9BF427-C009-4ADD-882E-74408CEE8F9B}.Debug|Win32.ActiveCfg = Debug|Win32
		{BF9BF427-C009-4ADD-882E-74408CEE8F9B}.Debug|Win32.Build.0 = Debug|Win32
		{BF9BF427-C009-4ADD-882E-74408CEE8F9B}.Release|Win32.ActiveCfg = Release|Win32
		{BF9BF427-C009-4ADD-882E-74408CEE8F9B}.Release|Win32.Build.0 = Release|Win32
	EndGlobalSection
	GlobalSection(SolutionProperties) = preSolution
		HideSolutionNode = FALSE
	EndGlobalSection
EndGlobal
